# THIS IS AN AUTOGENERATED FILE. DO NOT EDIT THIS FILE DIRECTLY.
# yarn lockfile v1


mixpanel-browser@^2.41.0:
  version "2.41.0"
  resolved "https://registry.yarnpkg.com/mixpanel-browser/-/mixpanel-browser-2.41.0.tgz#d49753b4e4a7e6ddd18c126be4a917fff4ce3039"
  integrity sha512-IEuc9cH44hba9a3KEyulXINLn+gpFqluBDo7xiTk1h3j111dmmsctaE6tUzZYxgGLVqeNhTpsccdliOeX24Wlw==
